// !$*UTF8*$!
{
	archiveVersion = 1;
	classes = {
	};
	objectVersion = 48;
	objects = {

/* Begin PBXBuildFile section */
		589AFAAE1F78E7800067B005 /* ZKNetwork.m in Sources */ = {isa = PBXBuildFile; fileRef = 589AFAAD1F78E7800067B005 /* ZKNetwork.m */; };
		58EBC49B1F7A28010032977B /* NSObject+ZK_JSON.m in Sources */ = {isa = PBXBuildFile; fileRef = 58EBC49A1F7A28010032977B /* NSObject+ZK_JSON.m */; };
		58F790641F78DC21007149E1 /* AppDelegate.m in Sources */ = {isa = PBXBuildFile; fileRef = 58F790631F78DC21007149E1 /* AppDelegate.m */; };
		58F790671F78DC21007149E1 /* ZKMainViewController.m in Sources */ = {isa = PBXBuildFile; fileRef = 58F790661F78DC21007149E1 /* ZKMainViewController.m */; };
		58F7907F1F78DDC1007149E1 /* main.m in Sources */ = {isa = PBXBuildFile; fileRef = 58F7907D1F78DDC1007149E1 /* main.m */; };
		58F790A41F78DF5B007149E1 /* LaunchScreen.storyboard in Resources */ = {isa = PBXBuildFile; fileRef = 58F790A21F78DF31007149E1 /* LaunchScreen.storyboard */; };
		D9350431344BE26FCD019F56 /* libPods-ZKNetwork.a in Frameworks */ = {isa = PBXBuildFile; fileRef = 520D63E42CA493A45165B972 /* libPods-ZKNetwork.a */; };
/* End PBXBuildFile section */

/* Begin PBXFileReference section */
		520D63E42CA493A45165B972 /* libPods-ZKNetwork.a */ = {isa = PBXFileReference; explicitFileType = archive.ar; includeInIndex = 0; path = "libPods-ZKNetwork.a"; sourceTree = BUILT_PRODUCTS_DIR; };
		589AFAAC1F78E7800067B005 /* ZKNetwork.h */ = {isa = PBXFileReference; lastKnownFileType = sourcecode.c.h; path = ZKNetwork.h; sourceTree = "<group>"; };
		589AFAAD1F78E7800067B005 /* ZKNetwork.m */ = {isa = PBXFileReference; lastKnownFileType = sourcecode.c.objc; path = ZKNetwork.m; sourceTree = "<group>"; };
		58EBC4991F7A28010032977B /* NSObject+ZK_JSON.h */ = {isa = PBXFileReference; lastKnownFileType = sourcecode.c.h; path = "NSObject+ZK_JSON.h"; sourceTree = "<group>"; };
		58EBC49A1F7A28010032977B /* NSObject+ZK_JSON.m */ = {isa = PBXFileReference; lastKnownFileType = sourcecode.c.objc; path = "NSObject+ZK_JSON.m"; sourceTree = "<group>"; };
		58F7905F1F78DC21007149E1 /* ZKNetwork.app */ = {isa = PBXFileReference; explicitFileType = wrapper.application; includeInIndex = 0; path = ZKNetwork.app; sourceTree = BUILT_PRODUCTS_DIR; };
		58F790621F78DC21007149E1 /* AppDelegate.h */ = {isa = PBXFileReference; lastKnownFileType = sourcecode.c.h; path = AppDelegate.h; sourceTree = "<group>"; };
		58F790631F78DC21007149E1 /* AppDelegate.m */ = {isa = PBXFileReference; lastKnownFileType = sourcecode.c.objc; path = AppDelegate.m; sourceTree = "<group>"; };
		58F790651F78DC21007149E1 /* ZKMainViewController.h */ = {isa = PBXFileReference; lastKnownFileType = sourcecode.c.h; path = ZKMainViewController.h; sourceTree = "<group>"; };
		58F790661F78DC21007149E1 /* ZKMainViewController.m */ = {isa = PBXFileReference; lastKnownFileType = sourcecode.c.objc; path = ZKMainViewController.m; sourceTree = "<group>"; };
		58F7907C1F78DDC1007149E1 /* Info.plist */ = {isa = PBXFileReference; lastKnownFileType = text.plist.xml; path = Info.plist; sourceTree = "<group>"; };
		58F7907D1F78DDC1007149E1 /* main.m */ = {isa = PBXFileReference; lastKnownFileType = sourcecode.c.objc; path = main.m; sourceTree = "<group>"; };
		58F7907E1F78DDC1007149E1 /* Assets.xcassets */ = {isa = PBXFileReference; lastKnownFileType = folder.assetcatalog; path = Assets.xcassets; sourceTree = "<group>"; };
		58F790A31F78DF31007149E1 /* Base */ = {isa = PBXFileReference; lastKnownFileType = file.storyboard; name = Base; path = ZKNetwork/Base.lproj/LaunchScreen.storyboard; sourceTree = SOURCE_ROOT; };
		648FB73CD0190A16A6C8A963 /* Pods-ZKNetwork.release.xcconfig */ = {isa = PBXFileReference; includeInIndex = 1; lastKnownFileType = text.xcconfig; name = "Pods-ZKNetwork.release.xcconfig"; path = "Pods/Target Support Files/Pods-ZKNetwork/Pods-ZKNetwork.release.xcconfig"; sourceTree = "<group>"; };
		751C10CF283DF3002DDA379D /* Pods-ZKNetwork.debug.xcconfig */ = {isa = PBXFileReference; includeInIndex = 1; lastKnownFileType = text.xcconfig; name = "Pods-ZKNetwork.debug.xcconfig"; path = "Pods/Target Support Files/Pods-ZKNetwork/Pods-ZKNetwork.debug.xcconfig"; sourceTree = "<group>"; };
/* End PBXFileReference section */

/* Begin PBXFrameworksBuildPhase section */
		58F7905C1F78DC21007149E1 /* Frameworks */ = {
			isa = PBXFrameworksBuildPhase;
			buildActionMask = 2147483647;
			files = (
				D9350431344BE26FCD019F56 /* libPods-ZKNetwork.a in Frameworks */,
			);
			runOnlyForDeploymentPostprocessing = 0;
		};
/* End PBXFrameworksBuildPhase section */

/* Begin PBXGroup section */
		533C072D7172C05519886FC1 /* Pods */ = {
			isa = PBXGroup;
			children = (
				751C10CF283DF3002DDA379D /* Pods-ZKNetwork.debug.xcconfig */,
				648FB73CD0190A16A6C8A963 /* Pods-ZKNetwork.release.xcconfig */,
			);
			name = Pods;
			sourceTree = "<group>";
		};
		58F790561F78DC21007149E1 = {
			isa = PBXGroup;
			children = (
				58F790611F78DC21007149E1 /* ZKNetwork */,
				58F790601F78DC21007149E1 /* Products */,
				533C072D7172C05519886FC1 /* Pods */,
				A3CA5155E6E29401C4CCE50B /* Frameworks */,
			);
			sourceTree = "<group>";
		};
		58F790601F78DC21007149E1 /* Products */ = {
			isa = PBXGroup;
			children = (
				58F7905F1F78DC21007149E1 /* ZKNetwork.app */,
			);
			name = Products;
			sourceTree = "<group>";
		};
		58F790611F78DC21007149E1 /* ZKNetwork */ = {
			isa = PBXGroup;
			children = (
				58F790621F78DC21007149E1 /* AppDelegate.h */,
				58F790631F78DC21007149E1 /* AppDelegate.m */,
				58F790651F78DC21007149E1 /* ZKMainViewController.h */,
				58F790661F78DC21007149E1 /* ZKMainViewController.m */,
				58F790A51F78E373007149E1 /* ZKNetwork */,
				58F790781F78DD63007149E1 /* Supporting */,
			);
			path = ZKNetwork;
			sourceTree = "<group>";
		};
		58F790781F78DD63007149E1 /* Supporting */ = {
			isa = PBXGroup;
			children = (
				58F790A21F78DF31007149E1 /* LaunchScreen.storyboard */,
				58F7907E1F78DDC1007149E1 /* Assets.xcassets */,
				58F7907C1F78DDC1007149E1 /* Info.plist */,
				58F7907D1F78DDC1007149E1 /* main.m */,
			);
			path = Supporting;
			sourceTree = "<group>";
		};
		58F790A51F78E373007149E1 /* ZKNetwork */ = {
			isa = PBXGroup;
			children = (
				589AFAAC1F78E7800067B005 /* ZKNetwork.h */,
				589AFAAD1F78E7800067B005 /* ZKNetwork.m */,
				58EBC4991F7A28010032977B /* NSObject+ZK_JSON.h */,
				58EBC49A1F7A28010032977B /* NSObject+ZK_JSON.m */,
			);
			path = ZKNetwork;
			sourceTree = "<group>";
		};
		A3CA5155E6E29401C4CCE50B /* Frameworks */ = {
			isa = PBXGroup;
			children = (
				520D63E42CA493A45165B972 /* libPods-ZKNetwork.a */,
			);
			name = Frameworks;
			sourceTree = "<group>";
		};
/* End PBXGroup section */

/* Begin PBXNativeTarget section */
		58F7905E1F78DC21007149E1 /* ZKNetwork */ = {
			isa = PBXNativeTarget;
			buildConfigurationList = 58F790751F78DC21007149E1 /* Build configuration list for PBXNativeTarget "ZKNetwork" */;
			buildPhases = (
				D4619D49C072261308D25249 /* [CP] Check Pods Manifest.lock */,
				58F7905B1F78DC21007149E1 /* Sources */,
				58F7905C1F78DC21007149E1 /* Frameworks */,
				58F7905D1F78DC21007149E1 /* Resources */,
				D1FFBF01CAFAB62329E471F7 /* [CP] Embed Pods Frameworks */,
				6F68A4EE4671482CB1DBB6C9 /* [CP] Copy Pods Resources */,
			);
			buildRules = (
			);
			dependencies = (
			);
			name = ZKNetwork;
			productName = ZKNetwork;
			productReference = 58F7905F1F78DC21007149E1 /* ZKNetwork.app */;
			productType = "com.apple.product-type.application";
		};
/* End PBXNativeTarget section */

/* Begin PBXProject section */
		58F790571F78DC21007149E1 /* Project object */ = {
			isa = PBXProject;
			attributes = {
				LastUpgradeCheck = 0900;
				ORGANIZATIONNAME = "Zhou Kang";
				TargetAttributes = {
					58F7905E1F78DC21007149E1 = {
						CreatedOnToolsVersion = 9.0;
						ProvisioningStyle = Automatic;
					};
				};
			};
			buildConfigurationList = 58F7905A1F78DC21007149E1 /* Build configuration list for PBXProject "ZKNetwork" */;
			compatibilityVersion = "Xcode 8.0";
			developmentRegion = en;
			hasScannedForEncodings = 0;
			knownRegions = (
				en,
				Base,
			);
			mainGroup = 58F790561F78DC21007149E1;
			productRefGroup = 58F790601F78DC21007149E1 /* Products */;
			projectDirPath = "";
			projectRoot = "";
			targets = (
				58F7905E1F78DC21007149E1 /* ZKNetwork */,
			);
		};
/* End PBXProject section */

/* Begin PBXResourcesBuildPhase section */
		58F7905D1F78DC21007149E1 /* Resources */ = {
			isa = PBXResourcesBuildPhase;
			buildActionMask = 2147483647;
			files = (
				58F790A41F78DF5B007149E1 /* LaunchScreen.storyboard in Resources */,
			);
			runOnlyForDeploymentPostprocessing = 0;
		};
/* End PBXResourcesBuildPhase section */

/* Begin PBXShellScriptBuildPhase section */
		6F68A4EE4671482CB1DBB6C9 /* [CP] Copy Pods Resources */ = {
			isa = PBXShellScriptBuildPhase;
			buildActionMask = 2147483647;
			files = (
			);
			inputPaths = (
			);
			name = "[CP] Copy Pods Resources";
			outputPaths = (
			);
			runOnlyForDeploymentPostprocessing = 0;
			shellPath = /bin/sh;
			shellScript = "\"${SRCROOT}/Pods/Target Support Files/Pods-ZKNetwork/Pods-ZKNetwork-resources.sh\"\n";
			showEnvVarsInLog = 0;
		};
		D1FFBF01CAFAB62329E471F7 /* [CP] Embed Pods Frameworks */ = {
			isa = PBXShellScriptBuildPhase;
			buildActionMask = 2147483647;
			files = (
			);
			inputPaths = (
			);
			name = "[CP] Embed Pods Frameworks";
			outputPaths = (
			);
			runOnlyForDeploymentPostprocessing = 0;
			shellPath = /bin/sh;
			shellScript = "\"${SRCROOT}/Pods/Target Support Files/Pods-ZKNetwork/Pods-ZKNetwork-frameworks.sh\"\n";
			showEnvVarsInLog = 0;
		};
		D4619D49C072261308D25249 /* [CP] Check Pods Manifest.lock */ = {
			isa = PBXShellScriptBuildPhase;
			buildActionMask = 2147483647;
			files = (
			);
			inputPaths = (
				"${PODS_PODFILE_DIR_PATH}/Podfile.lock",
				"${PODS_ROOT}/Manifest.lock",
			);
			name = "[CP] Check Pods Manifest.lock";
			outputPaths = (
				"$(DERIVED_FILE_DIR)/Pods-ZKNetwork-checkManifestLockResult.txt",
			);
			runOnlyForDeploymentPostprocessing = 0;
			shellPath = /bin/sh;
			shellScript = "diff \"${PODS_PODFILE_DIR_PATH}/Podfile.lock\" \"${PODS_ROOT}/Manifest.lock\" > /dev/null\nif [ $? != 0 ] ; then\n    # print error to STDERR\n    echo \"error: The sandbox is not in sync with the Podfile.lock. Run 'pod install' or update your CocoaPods installation.\" >&2\n    exit 1\nfi\n# This output is used by Xcode 'outputs' to avoid re-running this script phase.\necho \"SUCCESS\" > \"${SCRIPT_OUTPUT_FILE_0}\"\n";
			showEnvVarsInLog = 0;
		};
/* End PBXShellScriptBuildPhase section */

/* Begin PBXSourcesBuildPhase section */
		58F7905B1F78DC21007149E1 /* Sources */ = {
			isa = PBXSourcesBuildPhase;
			buildActionMask = 2147483647;
			files = (
				58F790671F78DC21007149E1 /* ZKMainViewController.m in Sources */,
				589AFAAE1F78E7800067B005 /* ZKNetwork.m in Sources */,
				58F7907F1F78DDC1007149E1 /* main.m in Sources */,
				58EBC49B1F7A28010032977B /* NSObject+ZK_JSON.m in Sources */,
				58F790641F78DC21007149E1 /* AppDelegate.m in Sources */,
			);
			runOnlyForDeploymentPostprocessing = 0;
		};
/* End PBXSourcesBuildPhase section */

/* Begin PBXVariantGroup section */
		58F790A21F78DF31007149E1 /* LaunchScreen.storyboard */ = {
			isa = PBXVariantGroup;
			children = (
				58F790A31F78DF31007149E1 /* Base */,
			);
			name = LaunchScreen.storyboard;
			sourceTree = "<group>";
		};
/* End PBXVariantGroup section */

/* Begin XCBuildConfiguration section */
		58F790731F78DC21007149E1 /* Debug */ = {
			isa = XCBuildConfiguration;
			buildSettings = {
				ALWAYS_SEARCH_USER_PATHS = NO;
				CLANG_ANALYZER_NONNULL = YES;
				CLANG_ANALYZER_NUMBER_OBJECT_CONVERSION = YES_AGGRESSIVE;
				CLANG_CXX_LANGUAGE_STANDARD = "gnu++14";
				CLANG_CXX_LIBRARY = "libc++";
				CLANG_ENABLE_MODULES = YES;
				CLANG_ENABLE_OBJC_ARC = YES;
				CLANG_WARN_BLOCK_CAPTURE_AUTORELEASING = YES;
				CLANG_WARN_BOOL_CONVERSION = YES;
				CLANG_WARN_COMMA = YES;
				CLANG_WARN_CONSTANT_CONVERSION = YES;
				CLANG_WARN_DIRECT_OBJC_ISA_USAGE = YES_ERROR;
				CLANG_WARN_DOCUMENTATION_COMMENTS = YES;
				CLANG_WARN_EMPTY_BODY = YES;
				CLANG_WARN_ENUM_CONVERSION = YES;
				CLANG_WARN_INFINITE_RECURSION = YES;
				CLANG_WARN_INT_CONVERSION = YES;
				CLANG_WARN_NON_LITERAL_NULL_CONVERSION = YES;
				CLANG_WARN_OBJC_LITERAL_CONVERSION = YES;
				CLANG_WARN_OBJC_ROOT_CLASS = YES_ERROR;
				CLANG_WARN_RANGE_LOOP_ANALYSIS = YES;
				CLANG_WARN_STRICT_PROTOTYPES = YES;
				CLANG_WARN_SUSPICIOUS_MOVE = YES;
				CLANG_WARN_UNGUARDED_AVAILABILITY = YES_AGGRESSIVE;
				CLANG_WARN_UNREACHABLE_CODE = YES;
				CLANG_WARN__DUPLICATE_METHOD_MATCH = YES;
				CODE_SIGN_IDENTITY = "iPhone Developer";
				COPY_PHASE_STRIP = NO;
				DEBUG_INFORMATION_FORMAT = dwarf;
				ENABLE_STRICT_OBJC_MSGSEND = YES;
				ENABLE_TESTABILITY = YES;
				GCC_C_LANGUAGE_STANDARD = gnu11;
				GCC_DYNAMIC_NO_PIC = NO;
				GCC_NO_COMMON_BLOCKS = YES;
				GCC_OPTIMIZATION_LEVEL = 0;
				GCC_PREPROCESSOR_DEFINITIONS = (
					"DEBUG=1",
					"$(inherited)",
				);
				GCC_WARN_64_TO_32_BIT_CONVERSION = YES;
				GCC_WARN_ABOUT_RETURN_TYPE = YES_ERROR;
				GCC_WARN_UNDECLARED_SELECTOR = YES;
				GCC_WARN_UNINITIALIZED_AUTOS = YES_AGGRESSIVE;
				GCC_WARN_UNUSED_FUNCTION = YES;
				GCC_WARN_UNUSED_VARIABLE = YES;
				IPHONEOS_DEPLOYMENT_TARGET = 11.0;
				MTL_ENABLE_DEBUG_INFO = YES;
				ONLY_ACTIVE_ARCH = YES;
				SDKROOT = iphoneos;
			};
			name = Debug;
		};
		58F790741F78DC21007149E1 /* Release */ = {
			isa = XCBuildConfiguration;
			buildSettings = {
				ALWAYS_SEARCH_USER_PATHS = NO;
				CLANG_ANALYZER_NONNULL = YES;
				CLANG_ANALYZER_NUMBER_OBJECT_CONVERSION = YES_AGGRESSIVE;
				CLANG_CXX_LANGUAGE_STANDARD = "gnu++14";
				CLANG_CXX_LIBRARY = "libc++";
				CLANG_ENABLE_MODULES = YES;
				CLANG_ENABLE_OBJC_ARC = YES;
				CLANG_WARN_BLOCK_CAPTURE_AUTORELEASING = YES;
				CLANG_WARN_BOOL_CONVERSION = YES;
				CLANG_WARN_COMMA = YES;
				CLANG_WARN_CONSTANT_CONVERSION = YES;
				CLANG_WARN_DIRECT_OBJC_ISA_USAGE = YES_ERROR;
				CLANG_WARN_DOCUMENTATION_COMMENTS = YES;
				CLANG_WARN_EMPTY_BODY = YES;
				CLANG_WARN_ENUM_CONVERSION = YES;
				CLANG_WARN_INFINITE_RECURSION = YES;
				CLANG_WARN_INT_CONVERSION = YES;
				CLANG_WARN_NON_LITERAL_NULL_CONVERSION = YES;
				CLANG_WARN_OBJC_LITERAL_CONVERSION = YES;
				CLANG_WARN_OBJC_ROOT_CLASS = YES_ERROR;
				CLANG_WARN_RANGE_LOOP_ANALYSIS = YES;
				CLANG_WARN_STRICT_PROTOTYPES = YES;
				CLANG_WARN_SUSPICIOUS_MOVE = YES;
				CLANG_WARN_UNGUARDED_AVAILABILITY = YES_AGGRESSIVE;
				CLANG_WARN_UNREACHABLE_CODE = YES;
				CLANG_WARN__DUPLICATE_METHOD_MATCH = YES;
				CODE_SIGN_IDENTITY = "iPhone Developer";
				COPY_PHASE_STRIP = NO;
				DEBUG_INFORMATION_FORMAT = "dwarf-with-dsym";
				ENABLE_NS_ASSERTIONS = NO;
				ENABLE_STRICT_OBJC_MSGSEND = YES;
				GCC_C_LANGUAGE_STANDARD = gnu11;
				GCC_NO_COMMON_BLOCKS = YES;
				GCC_WARN_64_TO_32_BIT_CONVERSION = YES;
				GCC_WARN_ABOUT_RETURN_TYPE = YES_ERROR;
				GCC_WARN_UNDECLARED_SELECTOR = YES;
				GCC_WARN_UNINITIALIZED_AUTOS = YES_AGGRESSIVE;
				GCC_WARN_UNUSED_FUNCTION = YES;
				GCC_WARN_UNUSED_VARIABLE = YES;
				IPHONEOS_DEPLOYMENT_TARGET = 11.0;
				MTL_ENABLE_DEBUG_INFO = NO;
				SDKROOT = iphoneos;
				VALIDATE_PRODUCT = YES;
			};
			name = Release;
		};
		58F790761F78DC21007149E1 /* Debug */ = {
			isa = XCBuildConfiguration;
			baseConfigurationReference = 751C10CF283DF3002DDA379D /* Pods-ZKNetwork.debug.xcconfig */;
			buildSettings = {
				ASSETCATALOG_COMPILER_APPICON_NAME = AppIcon;
				CODE_SIGN_STYLE = Automatic;
				DEVELOPMENT_TEAM = TE2958KSXV;
				INFOPLIST_FILE = "$(SRCROOT)/ZKNetwork/Supporting/Info.plist";
				IPHONEOS_DEPLOYMENT_TARGET = 8.0;
				LD_RUNPATH_SEARCH_PATHS = "$(inherited) @executable_path/Frameworks";
				PRODUCT_BUNDLE_IDENTIFIER = com.zk.ZKNetwork;
				PRODUCT_NAME = "$(TARGET_NAME)";
				TARGETED_DEVICE_FAMILY = "1,2";
			};
			name = Debug;
		};
		58F790771F78DC21007149E1 /* Release */ = {
			isa = XCBuildConfiguration;
			baseConfigurationReference = 648FB73CD0190A16A6C8A963 /* Pods-ZKNetwork.release.xcconfig */;
			buildSettings = {
				ASSETCATALOG_COMPILER_APPICON_NAME = AppIcon;
				CODE_SIGN_STYLE = Automatic;
				DEVELOPMENT_TEAM = TE2958KSXV;
				INFOPLIST_FILE = "$(SRCROOT)/ZKNetwork/Supporting/Info.plist";
				IPHONEOS_DEPLOYMENT_TARGET = 8.0;
				LD_RUNPATH_SEARCH_PATHS = "$(inherited) @executable_path/Frameworks";
				PRODUCT_BUNDLE_IDENTIFIER = com.zk.ZKNetwork;
				PRODUCT_NAME = "$(TARGET_NAME)";
				TARGETED_DEVICE_FAMILY = "1,2";
			};
			name = Release;
		};
/* End XCBuildConfiguration section */

/* Begin XCConfigurationList section */
		58F7905A1F78DC21007149E1 /* Build configuration list for PBXProject "ZKNetwork" */ = {
			isa = XCConfigurationList;
			buildConfigurations = (
				58F790731F78DC21007149E1 /* Debug */,
				58F790741F78DC21007149E1 /* Release */,
			);
			defaultConfigurationIsVisible = 0;
			defaultConfigurationName = Release;
		};
		58F790751F78DC21007149E1 /* Build configuration list for PBXNativeTarget "ZKNetwork" */ = {
			isa = XCConfigurationList;
			buildConfigurations = (
				58F790761F78DC21007149E1 /* Debug */,
				58F790771F78DC21007149E1 /* Release */,
			);
			defaultConfigurationIsVisible = 0;
			defaultConfigurationName = Release;
		};
/* End XCConfigurationList section */
	};
	rootObject = 58F790571F78DC21007149E1 /* Project object */;
}
